
Microsoft Visual Studio Solution File, Format Version 12.00
Project("{FAE04EC0-301F-11D3-BF4B-00C04F79EFBC}") = "AudioPlayer.WPF", "AudioPlayer.WPF\AudioPlayer.WPF.csproj", "{B04B810B-3CDB-49E9-8C52-801EF897CEB9}"
EndProject
Global
	GlobalSection(SolutionConfigurationPlatforms) = preSolution
		Debug|Any CPU = Debug|Any CPU
		Release|Any CPU = Release|Any CPU
	EndGlobalSection
	GlobalSection(ProjectConfigurationPlatforms) = postSolution
		{B04B810B-3CDB-49E9-8C52-801EF897CEB9}.Debug|Any CPU.ActiveCfg = Debug|Any CPU
		{B04B810B-3CDB-49E9-8C52-801EF897CEB9}.Debug|Any CPU.Build.0 = Debug|Any CPU
		{B04B810B-3CDB-49E9-8C52-801EF897CEB9}.Release|Any CPU.ActiveCfg = Release|Any CPU
		{B04B810B-3CDB-49E9-8C52-801EF897CEB9}.Release|Any CPU.Build.0 = Release|Any CPU
	EndGlobalSection
EndGlobal
