
Microsoft Visual Studio Solution File, Format Version 12.00
# Visual Studio Version 17
VisualStudioVersion = 17.6.33723.286
MinimumVisualStudioVersion = 10.0.40219.1
Project("{9A19103F-16F7-4668-BE54-9A1E7A4F7556}") = "AudioPlayer.WPF", "AudioPlayer.WPF\AudioPlayer.WPF.csproj", "{B04B810B-3CDB-49E9-8C52-801EF897CEB9}"
EndProject
Project("{9A19103F-16F7-4668-BE54-9A1E7A4F7556}") = "ModalControl", "ModalControl\ModalControl.csproj", "{0A5BD6EF-2992-4F66-BE69-0DBFFED788DB}"
EndProject
Project("{9A19103F-16F7-4668-BE54-9A1E7A4F7556}") = "LoadingSpinnerControl", "LoadingSpinnerControl\LoadingSpinnerControl.csproj", "{E4CFEB79-3FD2-4A78-80B2-2A7D03104EAE}"
EndProject
Project("{9A19103F-16F7-4668-BE54-9A1E7A4F7556}") = "PlaceholderTextBoxControl", "PlaceholderTextBoxControl\PlaceholderTextBoxControl.csproj", "{6BC9EFA8-E51B-466B-99CF-A54A6FF6ED79}"
EndProject
Project("{9A19103F-16F7-4668-BE54-9A1E7A4F7556}") = "DropdownMenuControl", "DropdownMenuControl\DropdownMenuControl.csproj", "{13262922-8FA4-47F2-8535-CBB6BDD00B04}"
EndProject
Project("{9A19103F-16F7-4668-BE54-9A1E7A4F7556}") = "RadioButtonWithIconControl", "RadioButtonWithIconControl\RadioButtonWithIconControl.csproj", "{967B82A4-AE8D-4163-BC6E-CBCA6C27C21B}"
EndProject
Project("{FAE04EC0-301F-11D3-BF4B-00C04F79EFBC}") = "AudioPlayer.Domain", "AudioPlayer.Domain\AudioPlayer.Domain.csproj", "{027D0526-24DC-47C5-A236-E015B74CA4F3}"
EndProject
Project("{FAE04EC0-301F-11D3-BF4B-00C04F79EFBC}") = "AudioPlayer.EntityFramework", "AudioPlayer.EntityFramework\AudioPlayer.EntityFramework.csproj", "{65BA852F-4420-4C8C-938E-1EDAC0C7AF03}"
EndProject
Project("{FAE04EC0-301F-11D3-BF4B-00C04F79EFBC}") = "AudioPlayer.Infrastructure", "AudioPlayer.Persistance\AudioPlayer.Infrastructure.csproj", "{28003281-43D8-4FDE-BD53-5C8A982A1711}"
EndProject
Global
	GlobalSection(SolutionConfigurationPlatforms) = preSolution
		Debug|Any CPU = Debug|Any CPU
		Release|Any CPU = Release|Any CPU
	EndGlobalSection
	GlobalSection(ProjectConfigurationPlatforms) = postSolution
		{B04B810B-3CDB-49E9-8C52-801EF897CEB9}.Debug|Any CPU.ActiveCfg = Debug|Any CPU
		{B04B810B-3CDB-49E9-8C52-801EF897CEB9}.Debug|Any CPU.Build.0 = Debug|Any CPU
		{B04B810B-3CDB-49E9-8C52-801EF897CEB9}.Release|Any CPU.ActiveCfg = Release|Any CPU
		{B04B810B-3CDB-49E9-8C52-801EF897CEB9}.Release|Any CPU.Build.0 = Release|Any CPU
		{0A5BD6EF-2992-4F66-BE69-0DBFFED788DB}.Debug|Any CPU.ActiveCfg = Debug|Any CPU
		{0A5BD6EF-2992-4F66-BE69-0DBFFED788DB}.Debug|Any CPU.Build.0 = Debug|Any CPU
		{0A5BD6EF-2992-4F66-BE69-0DBFFED788DB}.Release|Any CPU.ActiveCfg = Release|Any CPU
		{0A5BD6EF-2992-4F66-BE69-0DBFFED788DB}.Release|Any CPU.Build.0 = Release|Any CPU
		{E4CFEB79-3FD2-4A78-80B2-2A7D03104EAE}.Debug|Any CPU.ActiveCfg = Debug|Any CPU
		{E4CFEB79-3FD2-4A78-80B2-2A7D03104EAE}.Debug|Any CPU.Build.0 = Debug|Any CPU
		{E4CFEB79-3FD2-4A78-80B2-2A7D03104EAE}.Release|Any CPU.ActiveCfg = Release|Any CPU
		{E4CFEB79-3FD2-4A78-80B2-2A7D03104EAE}.Release|Any CPU.Build.0 = Release|Any CPU
		{6BC9EFA8-E51B-466B-99CF-A54A6FF6ED79}.Debug|Any CPU.ActiveCfg = Debug|Any CPU
		{6BC9EFA8-E51B-466B-99CF-A54A6FF6ED79}.Debug|Any CPU.Build.0 = Debug|Any CPU
		{6BC9EFA8-E51B-466B-99CF-A54A6FF6ED79}.Release|Any CPU.ActiveCfg = Release|Any CPU
		{6BC9EFA8-E51B-466B-99CF-A54A6FF6ED79}.Release|Any CPU.Build.0 = Release|Any CPU
		{13262922-8FA4-47F2-8535-CBB6BDD00B04}.Debug|Any CPU.ActiveCfg = Debug|Any CPU
		{13262922-8FA4-47F2-8535-CBB6BDD00B04}.Debug|Any CPU.Build.0 = Debug|Any CPU
		{13262922-8FA4-47F2-8535-CBB6BDD00B04}.Release|Any CPU.ActiveCfg = Release|Any CPU
		{13262922-8FA4-47F2-8535-CBB6BDD00B04}.Release|Any CPU.Build.0 = Release|Any CPU
		{967B82A4-AE8D-4163-BC6E-CBCA6C27C21B}.Debug|Any CPU.ActiveCfg = Debug|Any CPU
		{967B82A4-AE8D-4163-BC6E-CBCA6C27C21B}.Debug|Any CPU.Build.0 = Debug|Any CPU
		{967B82A4-AE8D-4163-BC6E-CBCA6C27C21B}.Release|Any CPU.ActiveCfg = Release|Any CPU
		{967B82A4-AE8D-4163-BC6E-CBCA6C27C21B}.Release|Any CPU.Build.0 = Release|Any CPU
		{027D0526-24DC-47C5-A236-E015B74CA4F3}.Debug|Any CPU.ActiveCfg = Debug|Any CPU
		{027D0526-24DC-47C5-A236-E015B74CA4F3}.Debug|Any CPU.Build.0 = Debug|Any CPU
		{027D0526-24DC-47C5-A236-E015B74CA4F3}.Release|Any CPU.ActiveCfg = Release|Any CPU
		{027D0526-24DC-47C5-A236-E015B74CA4F3}.Release|Any CPU.Build.0 = Release|Any CPU
		{65BA852F-4420-4C8C-938E-1EDAC0C7AF03}.Debug|Any CPU.ActiveCfg = Debug|Any CPU
		{65BA852F-4420-4C8C-938E-1EDAC0C7AF03}.Debug|Any CPU.Build.0 = Debug|Any CPU
		{65BA852F-4420-4C8C-938E-1EDAC0C7AF03}.Release|Any CPU.ActiveCfg = Release|Any CPU
		{65BA852F-4420-4C8C-938E-1EDAC0C7AF03}.Release|Any CPU.Build.0 = Release|Any CPU
		{28003281-43D8-4FDE-BD53-5C8A982A1711}.Debug|Any CPU.ActiveCfg = Debug|Any CPU
		{28003281-43D8-4FDE-BD53-5C8A982A1711}.Debug|Any CPU.Build.0 = Debug|Any CPU
		{28003281-43D8-4FDE-BD53-5C8A982A1711}.Release|Any CPU.ActiveCfg = Release|Any CPU
		{28003281-43D8-4FDE-BD53-5C8A982A1711}.Release|Any CPU.Build.0 = Release|Any CPU
	EndGlobalSection
	GlobalSection(SolutionProperties) = preSolution
		HideSolutionNode = FALSE
	EndGlobalSection
	GlobalSection(ExtensibilityGlobals) = postSolution
		SolutionGuid = {3DDB8A43-AB90-48FA-A53D-59E7646A7782}
	EndGlobalSection
EndGlobal
