
Microsoft Visual Studio Solution File, Format Version 12.00
Project("{FAE04EC0-301F-11D3-BF4B-00C04F79EFBC}") = "AudioPlayer.WPF", "AudioPlayer.WPF\AudioPlayer.WPF.csproj", "{B04B810B-3CDB-49E9-8C52-801EF897CEB9}"
EndProject
Project("{FAE04EC0-301F-11D3-BF4B-00C04F79EFBC}") = "ModalControl", "ModalControl\ModalControl.csproj", "{0A5BD6EF-2992-4F66-BE69-0DBFFED788DB}"
EndProject
Project("{FAE04EC0-301F-11D3-BF4B-00C04F79EFBC}") = "LoadingSpinnerControl", "LoadingSpinnerControl\LoadingSpinnerControl.csproj", "{E4CFEB79-3FD2-4A78-80B2-2A7D03104EAE}"
EndProject
Project("{FAE04EC0-301F-11D3-BF4B-00C04F79EFBC}") = "PlaceholderTextBoxControl", "PlaceholderTextBoxControl\PlaceholderTextBoxControl.csproj", "{6BC9EFA8-E51B-466B-99CF-A54A6FF6ED79}"
EndProject
Global
	GlobalSection(SolutionConfigurationPlatforms) = preSolution
		Debug|Any CPU = Debug|Any CPU
		Release|Any CPU = Release|Any CPU
	EndGlobalSection
	GlobalSection(ProjectConfigurationPlatforms) = postSolution
		{B04B810B-3CDB-49E9-8C52-801EF897CEB9}.Debug|Any CPU.ActiveCfg = Debug|Any CPU
		{B04B810B-3CDB-49E9-8C52-801EF897CEB9}.Debug|Any CPU.Build.0 = Debug|Any CPU
		{B04B810B-3CDB-49E9-8C52-801EF897CEB9}.Release|Any CPU.ActiveCfg = Release|Any CPU
		{B04B810B-3CDB-49E9-8C52-801EF897CEB9}.Release|Any CPU.Build.0 = Release|Any CPU
		{0A5BD6EF-2992-4F66-BE69-0DBFFED788DB}.Debug|Any CPU.ActiveCfg = Debug|Any CPU
		{0A5BD6EF-2992-4F66-BE69-0DBFFED788DB}.Debug|Any CPU.Build.0 = Debug|Any CPU
		{0A5BD6EF-2992-4F66-BE69-0DBFFED788DB}.Release|Any CPU.ActiveCfg = Release|Any CPU
		{0A5BD6EF-2992-4F66-BE69-0DBFFED788DB}.Release|Any CPU.Build.0 = Release|Any CPU
		{E4CFEB79-3FD2-4A78-80B2-2A7D03104EAE}.Debug|Any CPU.ActiveCfg = Debug|Any CPU
		{E4CFEB79-3FD2-4A78-80B2-2A7D03104EAE}.Debug|Any CPU.Build.0 = Debug|Any CPU
		{E4CFEB79-3FD2-4A78-80B2-2A7D03104EAE}.Release|Any CPU.ActiveCfg = Release|Any CPU
		{E4CFEB79-3FD2-4A78-80B2-2A7D03104EAE}.Release|Any CPU.Build.0 = Release|Any CPU
		{6BC9EFA8-E51B-466B-99CF-A54A6FF6ED79}.Debug|Any CPU.ActiveCfg = Debug|Any CPU
		{6BC9EFA8-E51B-466B-99CF-A54A6FF6ED79}.Debug|Any CPU.Build.0 = Debug|Any CPU
		{6BC9EFA8-E51B-466B-99CF-A54A6FF6ED79}.Release|Any CPU.ActiveCfg = Release|Any CPU
		{6BC9EFA8-E51B-466B-99CF-A54A6FF6ED79}.Release|Any CPU.Build.0 = Release|Any CPU
	EndGlobalSection
EndGlobal
